
Microsoft Visual Studio Solution File, Format Version 12.00
# Visual Studio Version 17
VisualStudioVersion = 17.0.31903.59
MinimumVisualStudioVersion = 10.0.40219.1
Project("{2150E333-8FDC-42A3-9474-1A3956D46DE8}") = "Application", "Application", "{A74F262E-BDE7-D5D2-89E9-785413424D0A}"
EndProject
Project("{FAE04EC0-301F-11D3-BF4B-00C04F79EFBC}") = "Client", "Application\Client\Client.csproj", "{4A1718C4-E35E-48DB-88AD-216FA8D0C8F3}"
EndProject
Project("{FAE04EC0-301F-11D3-BF4B-00C04F79EFBC}") = "GraderCore", "Application\GraderCore\GraderCore.csproj", "{1C875850-8064-4492-82F2-3CF0C8E3CC97}"
EndProject
Project("{FAE04EC0-301F-11D3-BF4B-00C04F79EFBC}") = "ProcessLauncher", "Application\ProcessLauncher\ProcessLauncher.csproj", "{21EF99D6-8AAF-45A8-8579-0EBD97E1E7EE}"
EndProject
Project("{FAE04EC0-301F-11D3-BF4B-00C04F79EFBC}") = "LocalLog", "Application\LocalLog\LocalLog.csproj", "{30FC6F82-5B33-4E2A-A27C-C2DAD0948E94}"
EndProject
Project("{FAE04EC0-301F-11D3-BF4B-00C04F79EFBC}") = "LocalDatabase", "Application\LocalDatabase\LocalDatabase.csproj", "{14036F39-BDC5-436D-A27D-38DB44220BAB}"
EndProject
Project("{FAE04EC0-301F-11D3-BF4B-00C04F79EFBC}") = "LocalGrade", "Application\LocalGrade\LocalGrade.csproj", "{13B3CC64-D32B-4DBC-A11C-3E5D0BC860FB}"
EndProject
Project("{FAE04EC0-301F-11D3-BF4B-00C04F79EFBC}") = "LocalGraderConfig", "Application\LocalGraderConfig\LocalGraderConfig.csproj", "{0A597898-B297-4BA6-9F35-31F844056A78}"
EndProject
Project("{FAE04EC0-301F-11D3-BF4B-00C04F79EFBC}") = "NetworkingMiddleware", "Application\NetworkingMiddleware\NetworkingMiddleware.csproj", "{3981EC10-9E58-4D8A-AF40-FA9B61ED47A7}"
EndProject
Project("{FAE04EC0-301F-11D3-BF4B-00C04F79EFBC}") = "SingleStudentGrade", "Application\SingleStudentGrade\SingleStudentGrade.csproj", "{FC029671-22B4-4C7C-BEFB-45696B9FBF4F}"
EndProject
Global
	GlobalSection(SolutionConfigurationPlatforms) = preSolution
		Debug|Any CPU = Debug|Any CPU
		Debug|x64 = Debug|x64
		Debug|x86 = Debug|x86
		Release|Any CPU = Release|Any CPU
		Release|x64 = Release|x64
		Release|x86 = Release|x86
	EndGlobalSection
	GlobalSection(ProjectConfigurationPlatforms) = postSolution
		{4A1718C4-E35E-48DB-88AD-216FA8D0C8F3}.Debug|Any CPU.ActiveCfg = Debug|Any CPU
		{4A1718C4-E35E-48DB-88AD-216FA8D0C8F3}.Debug|Any CPU.Build.0 = Debug|Any CPU
		{4A1718C4-E35E-48DB-88AD-216FA8D0C8F3}.Debug|x64.ActiveCfg = Debug|Any CPU
		{4A1718C4-E35E-48DB-88AD-216FA8D0C8F3}.Debug|x64.Build.0 = Debug|Any CPU
		{4A1718C4-E35E-48DB-88AD-216FA8D0C8F3}.Debug|x86.ActiveCfg = Debug|Any CPU
		{4A1718C4-E35E-48DB-88AD-216FA8D0C8F3}.Debug|x86.Build.0 = Debug|Any CPU
		{4A1718C4-E35E-48DB-88AD-216FA8D0C8F3}.Release|Any CPU.ActiveCfg = Release|Any CPU
		{4A1718C4-E35E-48DB-88AD-216FA8D0C8F3}.Release|Any CPU.Build.0 = Release|Any CPU
		{4A1718C4-E35E-48DB-88AD-216FA8D0C8F3}.Release|x64.ActiveCfg = Release|Any CPU
		{4A1718C4-E35E-48DB-88AD-216FA8D0C8F3}.Release|x64.Build.0 = Release|Any CPU
		{4A1718C4-E35E-48DB-88AD-216FA8D0C8F3}.Release|x86.ActiveCfg = Release|Any CPU
		{4A1718C4-E35E-48DB-88AD-216FA8D0C8F3}.Release|x86.Build.0 = Release|Any CPU
		{1C875850-8064-4492-82F2-3CF0C8E3CC97}.Debug|Any CPU.ActiveCfg = Debug|Any CPU
		{1C875850-8064-4492-82F2-3CF0C8E3CC97}.Debug|Any CPU.Build.0 = Debug|Any CPU
		{1C875850-8064-4492-82F2-3CF0C8E3CC97}.Debug|x64.ActiveCfg = Debug|Any CPU
		{1C875850-8064-4492-82F2-3CF0C8E3CC97}.Debug|x64.Build.0 = Debug|Any CPU
		{1C875850-8064-4492-82F2-3CF0C8E3CC97}.Debug|x86.ActiveCfg = Debug|Any CPU
		{1C875850-8064-4492-82F2-3CF0C8E3CC97}.Debug|x86.Build.0 = Debug|Any CPU
		{1C875850-8064-4492-82F2-3CF0C8E3CC97}.Release|Any CPU.ActiveCfg = Release|Any CPU
		{1C875850-8064-4492-82F2-3CF0C8E3CC97}.Release|Any CPU.Build.0 = Release|Any CPU
		{1C875850-8064-4492-82F2-3CF0C8E3CC97}.Release|x64.ActiveCfg = Release|Any CPU
		{1C875850-8064-4492-82F2-3CF0C8E3CC97}.Release|x64.Build.0 = Release|Any CPU
		{1C875850-8064-4492-82F2-3CF0C8E3CC97}.Release|x86.ActiveCfg = Release|Any CPU
		{1C875850-8064-4492-82F2-3CF0C8E3CC97}.Release|x86.Build.0 = Release|Any CPU
		{21EF99D6-8AAF-45A8-8579-0EBD97E1E7EE}.Debug|Any CPU.ActiveCfg = Debug|Any CPU
		{21EF99D6-8AAF-45A8-8579-0EBD97E1E7EE}.Debug|Any CPU.Build.0 = Debug|Any CPU
		{21EF99D6-8AAF-45A8-8579-0EBD97E1E7EE}.Debug|x64.ActiveCfg = Debug|Any CPU
		{21EF99D6-8AAF-45A8-8579-0EBD97E1E7EE}.Debug|x64.Build.0 = Debug|Any CPU
		{21EF99D6-8AAF-45A8-8579-0EBD97E1E7EE}.Debug|x86.ActiveCfg = Debug|Any CPU
		{21EF99D6-8AAF-45A8-8579-0EBD97E1E7EE}.Debug|x86.Build.0 = Debug|Any CPU
		{21EF99D6-8AAF-45A8-8579-0EBD97E1E7EE}.Release|Any CPU.ActiveCfg = Release|Any CPU
		{21EF99D6-8AAF-45A8-8579-0EBD97E1E7EE}.Release|Any CPU.Build.0 = Release|Any CPU
		{21EF99D6-8AAF-45A8-8579-0EBD97E1E7EE}.Release|x64.ActiveCfg = Release|Any CPU
		{21EF99D6-8AAF-45A8-8579-0EBD97E1E7EE}.Release|x64.Build.0 = Release|Any CPU
		{21EF99D6-8AAF-45A8-8579-0EBD97E1E7EE}.Release|x86.ActiveCfg = Release|Any CPU
		{21EF99D6-8AAF-45A8-8579-0EBD97E1E7EE}.Release|x86.Build.0 = Release|Any CPU
		{30FC6F82-5B33-4E2A-A27C-C2DAD0948E94}.Debug|Any CPU.ActiveCfg = Debug|Any CPU
		{30FC6F82-5B33-4E2A-A27C-C2DAD0948E94}.Debug|Any CPU.Build.0 = Debug|Any CPU
		{30FC6F82-5B33-4E2A-A27C-C2DAD0948E94}.Debug|x64.ActiveCfg = Debug|Any CPU
		{30FC6F82-5B33-4E2A-A27C-C2DAD0948E94}.Debug|x64.Build.0 = Debug|Any CPU
		{30FC6F82-5B33-4E2A-A27C-C2DAD0948E94}.Debug|x86.ActiveCfg = Debug|Any CPU
		{30FC6F82-5B33-4E2A-A27C-C2DAD0948E94}.Debug|x86.Build.0 = Debug|Any CPU
		{30FC6F82-5B33-4E2A-A27C-C2DAD0948E94}.Release|Any CPU.ActiveCfg = Release|Any CPU
		{30FC6F82-5B33-4E2A-A27C-C2DAD0948E94}.Release|Any CPU.Build.0 = Release|Any CPU
		{30FC6F82-5B33-4E2A-A27C-C2DAD0948E94}.Release|x64.ActiveCfg = Release|Any CPU
		{30FC6F82-5B33-4E2A-A27C-C2DAD0948E94}.Release|x64.Build.0 = Release|Any CPU
		{30FC6F82-5B33-4E2A-A27C-C2DAD0948E94}.Release|x86.ActiveCfg = Release|Any CPU
		{30FC6F82-5B33-4E2A-A27C-C2DAD0948E94}.Release|x86.Build.0 = Release|Any CPU
		{14036F39-BDC5-436D-A27D-38DB44220BAB}.Debug|Any CPU.ActiveCfg = Debug|Any CPU
		{14036F39-BDC5-436D-A27D-38DB44220BAB}.Debug|Any CPU.Build.0 = Debug|Any CPU
		{14036F39-BDC5-436D-A27D-38DB44220BAB}.Debug|x64.ActiveCfg = Debug|Any CPU
		{14036F39-BDC5-436D-A27D-38DB44220BAB}.Debug|x64.Build.0 = Debug|Any CPU
		{14036F39-BDC5-436D-A27D-38DB44220BAB}.Debug|x86.ActiveCfg = Debug|Any CPU
		{14036F39-BDC5-436D-A27D-38DB44220BAB}.Debug|x86.Build.0 = Debug|Any CPU
		{14036F39-BDC5-436D-A27D-38DB44220BAB}.Release|Any CPU.ActiveCfg = Release|Any CPU
		{14036F39-BDC5-436D-A27D-38DB44220BAB}.Release|Any CPU.Build.0 = Release|Any CPU
		{14036F39-BDC5-436D-A27D-38DB44220BAB}.Release|x64.ActiveCfg = Release|Any CPU
		{14036F39-BDC5-436D-A27D-38DB44220BAB}.Release|x64.Build.0 = Release|Any CPU
		{14036F39-BDC5-436D-A27D-38DB44220BAB}.Release|x86.ActiveCfg = Release|Any CPU
		{14036F39-BDC5-436D-A27D-38DB44220BAB}.Release|x86.Build.0 = Release|Any CPU
		{13B3CC64-D32B-4DBC-A11C-3E5D0BC860FB}.Debug|Any CPU.ActiveCfg = Debug|Any CPU
		{13B3CC64-D32B-4DBC-A11C-3E5D0BC860FB}.Debug|Any CPU.Build.0 = Debug|Any CPU
		{13B3CC64-D32B-4DBC-A11C-3E5D0BC860FB}.Debug|x64.ActiveCfg = Debug|Any CPU
		{13B3CC64-D32B-4DBC-A11C-3E5D0BC860FB}.Debug|x64.Build.0 = Debug|Any CPU
		{13B3CC64-D32B-4DBC-A11C-3E5D0BC860FB}.Debug|x86.ActiveCfg = Debug|Any CPU
		{13B3CC64-D32B-4DBC-A11C-3E5D0BC860FB}.Debug|x86.Build.0 = Debug|Any CPU
		{13B3CC64-D32B-4DBC-A11C-3E5D0BC860FB}.Release|Any CPU.ActiveCfg = Release|Any CPU
		{13B3CC64-D32B-4DBC-A11C-3E5D0BC860FB}.Release|Any CPU.Build.0 = Release|Any CPU
		{13B3CC64-D32B-4DBC-A11C-3E5D0BC860FB}.Release|x64.ActiveCfg = Release|Any CPU
		{13B3CC64-D32B-4DBC-A11C-3E5D0BC860FB}.Release|x64.Build.0 = Release|Any CPU
		{13B3CC64-D32B-4DBC-A11C-3E5D0BC860FB}.Release|x86.ActiveCfg = Release|Any CPU
		{13B3CC64-D32B-4DBC-A11C-3E5D0BC860FB}.Release|x86.Build.0 = Release|Any CPU
		{0A597898-B297-4BA6-9F35-31F844056A78}.Debug|Any CPU.ActiveCfg = Debug|Any CPU
		{0A597898-B297-4BA6-9F35-31F844056A78}.Debug|Any CPU.Build.0 = Debug|Any CPU
		{0A597898-B297-4BA6-9F35-31F844056A78}.Debug|x64.ActiveCfg = Debug|Any CPU
		{0A597898-B297-4BA6-9F35-31F844056A78}.Debug|x64.Build.0 = Debug|Any CPU
		{0A597898-B297-4BA6-9F35-31F844056A78}.Debug|x86.ActiveCfg = Debug|Any CPU
		{0A597898-B297-4BA6-9F35-31F844056A78}.Debug|x86.Build.0 = Debug|Any CPU
		{0A597898-B297-4BA6-9F35-31F844056A78}.Release|Any CPU.ActiveCfg = Release|Any CPU
		{0A597898-B297-4BA6-9F35-31F844056A78}.Release|Any CPU.Build.0 = Release|Any CPU
		{0A597898-B297-4BA6-9F35-31F844056A78}.Release|x64.ActiveCfg = Release|Any CPU
		{0A597898-B297-4BA6-9F35-31F844056A78}.Release|x64.Build.0 = Release|Any CPU
		{0A597898-B297-4BA6-9F35-31F844056A78}.Release|x86.ActiveCfg = Release|Any CPU
		{0A597898-B297-4BA6-9F35-31F844056A78}.Release|x86.Build.0 = Release|Any CPU
		{3981EC10-9E58-4D8A-AF40-FA9B61ED47A7}.Debug|Any CPU.ActiveCfg = Debug|Any CPU
		{3981EC10-9E58-4D8A-AF40-FA9B61ED47A7}.Debug|Any CPU.Build.0 = Debug|Any CPU
		{3981EC10-9E58-4D8A-AF40-FA9B61ED47A7}.Debug|x64.ActiveCfg = Debug|Any CPU
		{3981EC10-9E58-4D8A-AF40-FA9B61ED47A7}.Debug|x64.Build.0 = Debug|Any CPU
		{3981EC10-9E58-4D8A-AF40-FA9B61ED47A7}.Debug|x86.ActiveCfg = Debug|Any CPU
		{3981EC10-9E58-4D8A-AF40-FA9B61ED47A7}.Debug|x86.Build.0 = Debug|Any CPU
		{3981EC10-9E58-4D8A-AF40-FA9B61ED47A7}.Release|Any CPU.ActiveCfg = Release|Any CPU
		{3981EC10-9E58-4D8A-AF40-FA9B61ED47A7}.Release|Any CPU.Build.0 = Release|Any CPU
		{3981EC10-9E58-4D8A-AF40-FA9B61ED47A7}.Release|x64.ActiveCfg = Release|Any CPU
		{3981EC10-9E58-4D8A-AF40-FA9B61ED47A7}.Release|x64.Build.0 = Release|Any CPU
		{3981EC10-9E58-4D8A-AF40-FA9B61ED47A7}.Release|x86.ActiveCfg = Release|Any CPU
		{3981EC10-9E58-4D8A-AF40-FA9B61ED47A7}.Release|x86.Build.0 = Release|Any CPU
		{FC029671-22B4-4C7C-BEFB-45696B9FBF4F}.Debug|Any CPU.ActiveCfg = Debug|Any CPU
		{FC029671-22B4-4C7C-BEFB-45696B9FBF4F}.Debug|Any CPU.Build.0 = Debug|Any CPU
		{FC029671-22B4-4C7C-BEFB-45696B9FBF4F}.Debug|x64.ActiveCfg = Debug|Any CPU
		{FC029671-22B4-4C7C-BEFB-45696B9FBF4F}.Debug|x64.Build.0 = Debug|Any CPU
		{FC029671-22B4-4C7C-BEFB-45696B9FBF4F}.Debug|x86.ActiveCfg = Debug|Any CPU
		{FC029671-22B4-4C7C-BEFB-45696B9FBF4F}.Debug|x86.Build.0 = Debug|Any CPU
		{FC029671-22B4-4C7C-BEFB-45696B9FBF4F}.Release|Any CPU.ActiveCfg = Release|Any CPU
		{FC029671-22B4-4C7C-BEFB-45696B9FBF4F}.Release|Any CPU.Build.0 = Release|Any CPU
		{FC029671-22B4-4C7C-BEFB-45696B9FBF4F}.Release|x64.ActiveCfg = Release|Any CPU
		{FC029671-22B4-4C7C-BEFB-45696B9FBF4F}.Release|x64.Build.0 = Release|Any CPU
		{FC029671-22B4-4C7C-BEFB-45696B9FBF4F}.Release|x86.ActiveCfg = Release|Any CPU
		{FC029671-22B4-4C7C-BEFB-45696B9FBF4F}.Release|x86.Build.0 = Release|Any CPU
	EndGlobalSection
	GlobalSection(SolutionProperties) = preSolution
		HideSolutionNode = FALSE
	EndGlobalSection
	GlobalSection(NestedProjects) = preSolution
		{4A1718C4-E35E-48DB-88AD-216FA8D0C8F3} = {A74F262E-BDE7-D5D2-89E9-785413424D0A}
		{1C875850-8064-4492-82F2-3CF0C8E3CC97} = {A74F262E-BDE7-D5D2-89E9-785413424D0A}
		{21EF99D6-8AAF-45A8-8579-0EBD97E1E7EE} = {A74F262E-BDE7-D5D2-89E9-785413424D0A}
		{30FC6F82-5B33-4E2A-A27C-C2DAD0948E94} = {A74F262E-BDE7-D5D2-89E9-785413424D0A}
		{14036F39-BDC5-436D-A27D-38DB44220BAB} = {A74F262E-BDE7-D5D2-89E9-785413424D0A}
		{13B3CC64-D32B-4DBC-A11C-3E5D0BC860FB} = {A74F262E-BDE7-D5D2-89E9-785413424D0A}
		{0A597898-B297-4BA6-9F35-31F844056A78} = {A74F262E-BDE7-D5D2-89E9-785413424D0A}
		{3981EC10-9E58-4D8A-AF40-FA9B61ED47A7} = {A74F262E-BDE7-D5D2-89E9-785413424D0A}
		{FC029671-22B4-4C7C-BEFB-45696B9FBF4F} = {A74F262E-BDE7-D5D2-89E9-785413424D0A}
	EndGlobalSection
EndGlobal
